
Microsoft Visual Studio Solution File, Format Version 12.00
# Visual Studio Version 17
VisualStudioVersion = 17.3.32922.545
MinimumVisualStudioVersion = 10.0.40219.1
Project("{FAE04EC0-301F-11D3-BF4B-00C04F79EFBC}") = "KeyAcess01", "KeyAcess01\KeyAcess01.csproj", "{DCC60ACA-30EE-47D7-8BF2-7FD935DF33C7}"
EndProject
Global
	GlobalSection(SolutionConfigurationPlatforms) = preSolution
		Debug|Any CPU = Debug|Any CPU
		Release|Any CPU = Release|Any CPU
	EndGlobalSection
	GlobalSection(ProjectConfigurationPlatforms) = postSolution
		{DCC60ACA-30EE-47D7-8BF2-7FD935DF33C7}.Debug|Any CPU.ActiveCfg = Debug|Any CPU
		{DCC60ACA-30EE-47D7-8BF2-7FD935DF33C7}.Debug|Any CPU.Build.0 = Debug|Any CPU
		{DCC60ACA-30EE-47D7-8BF2-7FD935DF33C7}.Release|Any CPU.ActiveCfg = Release|Any CPU
		{DCC60ACA-30EE-47D7-8BF2-7FD935DF33C7}.Release|Any CPU.Build.0 = Release|Any CPU
	EndGlobalSection
	GlobalSection(SolutionProperties) = preSolution
		HideSolutionNode = FALSE
	EndGlobalSection
	GlobalSection(ExtensibilityGlobals) = postSolution
		SolutionGuid = {AA6DE032-85A0-45E9-85FB-D9014F4B50DF}
	EndGlobalSection
EndGlobal
